// !$*UTF8*$!
{
	archiveVersion = 1;
	classes = {
	};
	objectVersion = 55;
	objects = {

/* Begin PBXBuildFile section */
		B60292CF27EFE83400C9ABB6 /* Extensions.swift in Sources */ = {isa = PBXBuildFile; fileRef = B60292CE27EFE83400C9ABB6 /* Extensions.swift */; };
		B603E81027F2C8EB0013A3C1 /* NoConnectionView.swift in Sources */ = {isa = PBXBuildFile; fileRef = B603E80F27F2C8EB0013A3C1 /* NoConnectionView.swift */; };
		B603E81327F2C9640013A3C1 /* ConnectedView.swift in Sources */ = {isa = PBXBuildFile; fileRef = B603E81227F2C9640013A3C1 /* ConnectedView.swift */; };
		B62B5E0627F0720E00570BB0 /* SearchingViewModel.swift in Sources */ = {isa = PBXBuildFile; fileRef = B62B5E0527F0720E00570BB0 /* SearchingViewModel.swift */; };
		B62B5E0A27F074DC00570BB0 /* DetailViewModel.swift in Sources */ = {isa = PBXBuildFile; fileRef = B62B5E0927F074DC00570BB0 /* DetailViewModel.swift */; };
		B654859D27F6A0A3006EFB5D /* Social.swift in Sources */ = {isa = PBXBuildFile; fileRef = B654859C27F6A0A3006EFB5D /* Social.swift */; };
		B67138E727F3F03700B2BBA3 /* LinkBackground.swift in Sources */ = {isa = PBXBuildFile; fileRef = B67138E627F3F03700B2BBA3 /* LinkBackground.swift */; };
		B67138E927F400B300B2BBA3 /* InfoSegmentBackground.swift in Sources */ = {isa = PBXBuildFile; fileRef = B67138E827F400B300B2BBA3 /* InfoSegmentBackground.swift */; };
		B67138EC27F44FB600B2BBA3 /* ExtraInfoView.swift in Sources */ = {isa = PBXBuildFile; fileRef = B67138EB27F44FB600B2BBA3 /* ExtraInfoView.swift */; };
		B6869CEA27EAC6AD00E46331 /* WallpapersApp.swift in Sources */ = {isa = PBXBuildFile; fileRef = B6869CE927EAC6AD00E46331 /* WallpapersApp.swift */; };
		B6869CEC27EAC6AD00E46331 /* HomeView.swift in Sources */ = {isa = PBXBuildFile; fileRef = B6869CEB27EAC6AD00E46331 /* HomeView.swift */; };
		B6869CEE27EAC6AE00E46331 /* Assets.xcassets in Resources */ = {isa = PBXBuildFile; fileRef = B6869CED27EAC6AE00E46331 /* Assets.xcassets */; };
		B6869D0227EAC96200E46331 /* HTTPClient.swift in Sources */ = {isa = PBXBuildFile; fileRef = B6869D0127EAC96200E46331 /* HTTPClient.swift */; };
		B6869D0427EAC96800E46331 /* Constants.swift in Sources */ = {isa = PBXBuildFile; fileRef = B6869D0327EAC96800E46331 /* Constants.swift */; };
		B6869D0927EACD0D00E46331 /* Wallpaper.swift in Sources */ = {isa = PBXBuildFile; fileRef = B6869D0827EACD0D00E46331 /* Wallpaper.swift */; };
		B6869D1227EAF28F00E46331 /* URLs.swift in Sources */ = {isa = PBXBuildFile; fileRef = B6869D1127EAF28F00E46331 /* URLs.swift */; };
		B6869D1427EAF3FB00E46331 /* User.swift in Sources */ = {isa = PBXBuildFile; fileRef = B6869D1327EAF3FB00E46331 /* User.swift */; };
		B6869D1627EAFBE000E46331 /* ProfileImage.swift in Sources */ = {isa = PBXBuildFile; fileRef = B6869D1527EAFBE000E46331 /* ProfileImage.swift */; };
		B6869D1927EAFD2900E46331 /* WallpaperViewModel.swift in Sources */ = {isa = PBXBuildFile; fileRef = B6869D1827EAFD2900E46331 /* WallpaperViewModel.swift */; };
		B688933E27F069870064B020 /* SearchResultsView.swift in Sources */ = {isa = PBXBuildFile; fileRef = B688933D27F069870064B020 /* SearchResultsView.swift */; };
		B688934027F06CF20064B020 /* SearchResults.swift in Sources */ = {isa = PBXBuildFile; fileRef = B688933F27F06CF20064B020 /* SearchResults.swift */; };
		B68D514027F3D43900CB318B /* SaveButtonOptions.swift in Sources */ = {isa = PBXBuildFile; fileRef = B68D513F27F3D43900CB318B /* SaveButtonOptions.swift */; };
		B68D514227F3E23900CB318B /* InfoView.swift in Sources */ = {isa = PBXBuildFile; fileRef = B68D514127F3E23900CB318B /* InfoView.swift */; };
		B6BADDD527F122220040C1DF /* SearchMoreView.swift in Sources */ = {isa = PBXBuildFile; fileRef = B6BADDD427F122220040C1DF /* SearchMoreView.swift */; };
		B6C8861427F0042400875C01 /* WallpaperListView.swift in Sources */ = {isa = PBXBuildFile; fileRef = B6C8861327F0042400875C01 /* WallpaperListView.swift */; };
		B6C8861B27F00F4C00875C01 /* DetailView.swift in Sources */ = {isa = PBXBuildFile; fileRef = B6C8861A27F00F4C00875C01 /* DetailView.swift */; };
		B6C8862127F027F400875C01 /* PopUpView.swift in Sources */ = {isa = PBXBuildFile; fileRef = B6C8862027F027F400875C01 /* PopUpView.swift */; };
		B6C8862427F0369400875C01 /* CachedAsyncImage in Frameworks */ = {isa = PBXBuildFile; productRef = B6C8862327F0369400875C01 /* CachedAsyncImage */; };
		B6C8862F27F0523A00875C01 /* CircleButtonView.swift in Sources */ = {isa = PBXBuildFile; fileRef = B6C8862E27F0523A00875C01 /* CircleButtonView.swift */; };
		B6C8863227F056E900875C01 /* SearchBarView.swift in Sources */ = {isa = PBXBuildFile; fileRef = B6C8863127F056E900875C01 /* SearchBarView.swift */; };
		B6C8863427F0648200875C01 /* Bundle+Extension.swift in Sources */ = {isa = PBXBuildFile; fileRef = B6C8863327F0648200875C01 /* Bundle+Extension.swift */; };
		B6C8863827F064AE00875C01 /* Example.json in Resources */ = {isa = PBXBuildFile; fileRef = B6C8863727F064AE00875C01 /* Example.json */; };
		B6EA20D027EBEBF60052C263 /* ZoomView.swift in Sources */ = {isa = PBXBuildFile; fileRef = B6EA20CF27EBEBF60052C263 /* ZoomView.swift */; };
/* End PBXBuildFile section */

/* Begin PBXFileReference section */
		B60292CE27EFE83400C9ABB6 /* Extensions.swift */ = {isa = PBXFileReference; lastKnownFileType = sourcecode.swift; path = Extensions.swift; sourceTree = "<group>"; };
		B603E80F27F2C8EB0013A3C1 /* NoConnectionView.swift */ = {isa = PBXFileReference; lastKnownFileType = sourcecode.swift; path = NoConnectionView.swift; sourceTree = "<group>"; };
		B603E81227F2C9640013A3C1 /* ConnectedView.swift */ = {isa = PBXFileReference; lastKnownFileType = sourcecode.swift; path = ConnectedView.swift; sourceTree = "<group>"; };
		B62B5E0527F0720E00570BB0 /* SearchingViewModel.swift */ = {isa = PBXFileReference; lastKnownFileType = sourcecode.swift; path = SearchingViewModel.swift; sourceTree = "<group>"; };
		B62B5E0927F074DC00570BB0 /* DetailViewModel.swift */ = {isa = PBXFileReference; lastKnownFileType = sourcecode.swift; path = DetailViewModel.swift; sourceTree = "<group>"; };
		B654859C27F6A0A3006EFB5D /* Social.swift */ = {isa = PBXFileReference; lastKnownFileType = sourcecode.swift; path = Social.swift; sourceTree = "<group>"; };
		B67138E527F3E5DA00B2BBA3 /* Wallpapers.app */ = {isa = PBXFileReference; explicitFileType = wrapper.application; includeInIndex = 0; path = Wallpapers.app; sourceTree = BUILT_PRODUCTS_DIR; };
		B67138E627F3F03700B2BBA3 /* LinkBackground.swift */ = {isa = PBXFileReference; lastKnownFileType = sourcecode.swift; path = LinkBackground.swift; sourceTree = "<group>"; };
		B67138E827F400B300B2BBA3 /* InfoSegmentBackground.swift */ = {isa = PBXFileReference; lastKnownFileType = sourcecode.swift; path = InfoSegmentBackground.swift; sourceTree = "<group>"; };
		B67138EB27F44FB600B2BBA3 /* ExtraInfoView.swift */ = {isa = PBXFileReference; lastKnownFileType = sourcecode.swift; path = ExtraInfoView.swift; sourceTree = "<group>"; };
		B6869CE927EAC6AD00E46331 /* WallpapersApp.swift */ = {isa = PBXFileReference; lastKnownFileType = sourcecode.swift; path = WallpapersApp.swift; sourceTree = "<group>"; };
		B6869CEB27EAC6AD00E46331 /* HomeView.swift */ = {isa = PBXFileReference; lastKnownFileType = sourcecode.swift; path = HomeView.swift; sourceTree = "<group>"; };
		B6869CED27EAC6AE00E46331 /* Assets.xcassets */ = {isa = PBXFileReference; lastKnownFileType = folder.assetcatalog; path = Assets.xcassets; sourceTree = "<group>"; };
		B6869D0127EAC96200E46331 /* HTTPClient.swift */ = {isa = PBXFileReference; fileEncoding = 4; lastKnownFileType = sourcecode.swift; path = HTTPClient.swift; sourceTree = "<group>"; };
		B6869D0327EAC96800E46331 /* Constants.swift */ = {isa = PBXFileReference; fileEncoding = 4; lastKnownFileType = sourcecode.swift; path = Constants.swift; sourceTree = "<group>"; };
		B6869D0827EACD0D00E46331 /* Wallpaper.swift */ = {isa = PBXFileReference; lastKnownFileType = sourcecode.swift; path = Wallpaper.swift; sourceTree = "<group>"; };
		B6869D0D27EAEDC600E46331 /* Secrets.xcconfig */ = {isa = PBXFileReference; lastKnownFileType = text.xcconfig; path = Secrets.xcconfig; sourceTree = "<group>"; };
		B6869D0E27EAEE1C00E46331 /* Info.plist */ = {isa = PBXFileReference; lastKnownFileType = text.plist; path = Info.plist; sourceTree = "<group>"; };
		B6869D1127EAF28F00E46331 /* URLs.swift */ = {isa = PBXFileReference; lastKnownFileType = sourcecode.swift; path = URLs.swift; sourceTree = "<group>"; };
		B6869D1327EAF3FB00E46331 /* User.swift */ = {isa = PBXFileReference; lastKnownFileType = sourcecode.swift; path = User.swift; sourceTree = "<group>"; };
		B6869D1527EAFBE000E46331 /* ProfileImage.swift */ = {isa = PBXFileReference; lastKnownFileType = sourcecode.swift; path = ProfileImage.swift; sourceTree = "<group>"; };
		B6869D1827EAFD2900E46331 /* WallpaperViewModel.swift */ = {isa = PBXFileReference; lastKnownFileType = sourcecode.swift; path = WallpaperViewModel.swift; sourceTree = "<group>"; };
		B688933D27F069870064B020 /* SearchResultsView.swift */ = {isa = PBXFileReference; lastKnownFileType = sourcecode.swift; path = SearchResultsView.swift; sourceTree = "<group>"; };
		B688933F27F06CF20064B020 /* SearchResults.swift */ = {isa = PBXFileReference; lastKnownFileType = sourcecode.swift; path = SearchResults.swift; sourceTree = "<group>"; };
		B68D513F27F3D43900CB318B /* SaveButtonOptions.swift */ = {isa = PBXFileReference; lastKnownFileType = sourcecode.swift; path = SaveButtonOptions.swift; sourceTree = "<group>"; };
		B68D514127F3E23900CB318B /* InfoView.swift */ = {isa = PBXFileReference; lastKnownFileType = sourcecode.swift; path = InfoView.swift; sourceTree = "<group>"; };
		B6BADDD427F122220040C1DF /* SearchMoreView.swift */ = {isa = PBXFileReference; lastKnownFileType = sourcecode.swift; path = SearchMoreView.swift; sourceTree = "<group>"; };
		B6C8861327F0042400875C01 /* WallpaperListView.swift */ = {isa = PBXFileReference; lastKnownFileType = sourcecode.swift; path = WallpaperListView.swift; sourceTree = "<group>"; };
		B6C8861A27F00F4C00875C01 /* DetailView.swift */ = {isa = PBXFileReference; lastKnownFileType = sourcecode.swift; path = DetailView.swift; sourceTree = "<group>"; };
		B6C8862027F027F400875C01 /* PopUpView.swift */ = {isa = PBXFileReference; lastKnownFileType = sourcecode.swift; path = PopUpView.swift; sourceTree = "<group>"; };
		B6C8862E27F0523A00875C01 /* CircleButtonView.swift */ = {isa = PBXFileReference; lastKnownFileType = sourcecode.swift; path = CircleButtonView.swift; sourceTree = "<group>"; };
		B6C8863127F056E900875C01 /* SearchBarView.swift */ = {isa = PBXFileReference; lastKnownFileType = sourcecode.swift; path = SearchBarView.swift; sourceTree = "<group>"; };
		B6C8863327F0648200875C01 /* Bundle+Extension.swift */ = {isa = PBXFileReference; fileEncoding = 4; lastKnownFileType = sourcecode.swift; path = "Bundle+Extension.swift"; sourceTree = "<group>"; };
		B6C8863727F064AE00875C01 /* Example.json */ = {isa = PBXFileReference; fileEncoding = 4; lastKnownFileType = text.json; path = Example.json; sourceTree = "<group>"; };
		B6EA20CF27EBEBF60052C263 /* ZoomView.swift */ = {isa = PBXFileReference; lastKnownFileType = sourcecode.swift; path = ZoomView.swift; sourceTree = "<group>"; };
/* End PBXFileReference section */

/* Begin PBXFrameworksBuildPhase section */
		B6869CE327EAC6AD00E46331 /* Frameworks */ = {
			isa = PBXFrameworksBuildPhase;
			buildActionMask = 2147483647;
			files = (
				B6C8862427F0369400875C01 /* CachedAsyncImage in Frameworks */,
			);
			runOnlyForDeploymentPostprocessing = 0;
		};
/* End PBXFrameworksBuildPhase section */

/* Begin PBXGroup section */
		B603E81127F2C8EF0013A3C1 /* HomeSubViews */ = {
			isa = PBXGroup;
			children = (
				B603E81227F2C9640013A3C1 /* ConnectedView.swift */,
				B603E80F27F2C8EB0013A3C1 /* NoConnectionView.swift */,
			);
			path = HomeSubViews;
			sourceTree = "<group>";
		};
		B67138EA27F4027B00B2BBA3 /* Info */ = {
			isa = PBXGroup;
			children = (
				B67138E627F3F03700B2BBA3 /* LinkBackground.swift */,
				B67138E827F400B300B2BBA3 /* InfoSegmentBackground.swift */,
				B67138EB27F44FB600B2BBA3 /* ExtraInfoView.swift */,
			);
			path = Info;
			sourceTree = "<group>";
		};
		B6869CDD27EAC6AD00E46331 = {
			isa = PBXGroup;
			children = (
				B6869CE827EAC6AD00E46331 /* Wallpapers */,
				B67138E527F3E5DA00B2BBA3 /* Wallpapers.app */,
			);
			sourceTree = "<group>";
		};
		B6869CE827EAC6AD00E46331 /* Wallpapers */ = {
			isa = PBXGroup;
			children = (
				B6869CE927EAC6AD00E46331 /* WallpapersApp.swift */,
				B6869CFF27EAC8D400E46331 /* Views */,
				B6869D1A27EAFD2B00E46331 /* ViewModels */,
				B6869D0527EACC4100E46331 /* Models */,
				B6869D0027EAC95300E46331 /* Utils */,
				B6869CED27EAC6AE00E46331 /* Assets.xcassets */,
				B6869D0E27EAEE1C00E46331 /* Info.plist */,
			);
			path = Wallpapers;
			sourceTree = "<group>";
		};
		B6869CFF27EAC8D400E46331 /* Views */ = {
			isa = PBXGroup;
			children = (
				B6869CEB27EAC6AD00E46331 /* HomeView.swift */,
				B603E81127F2C8EF0013A3C1 /* HomeSubViews */,
				B6C8863127F056E900875C01 /* SearchBarView.swift */,
				B688933D27F069870064B020 /* SearchResultsView.swift */,
				B6EA20CF27EBEBF60052C263 /* ZoomView.swift */,
				B6C8861A27F00F4C00875C01 /* DetailView.swift */,
				B68D514127F3E23900CB318B /* InfoView.swift */,
				B6C8863027F056D900875C01 /* Helper Views */,
			);
			path = Views;
			sourceTree = "<group>";
		};
		B6869D0027EAC95300E46331 /* Utils */ = {
			isa = PBXGroup;
			children = (
				B6869D0327EAC96800E46331 /* Constants.swift */,
				B6869D0127EAC96200E46331 /* HTTPClient.swift */,
				B60292CE27EFE83400C9ABB6 /* Extensions.swift */,
				B6C8863327F0648200875C01 /* Bundle+Extension.swift */,
				B6C8863727F064AE00875C01 /* Example.json */,
				B6869D0D27EAEDC600E46331 /* Secrets.xcconfig */,
			);
			path = Utils;
			sourceTree = "<group>";
		};
		B6869D0527EACC4100E46331 /* Models */ = {
			isa = PBXGroup;
			children = (
				B688933F27F06CF20064B020 /* SearchResults.swift */,
				B6869D0827EACD0D00E46331 /* Wallpaper.swift */,
				B6869D1127EAF28F00E46331 /* URLs.swift */,
				B6869D1327EAF3FB00E46331 /* User.swift */,
				B654859C27F6A0A3006EFB5D /* Social.swift */,
				B6869D1527EAFBE000E46331 /* ProfileImage.swift */,
			);
			path = Models;
			sourceTree = "<group>";
		};
		B6869D1A27EAFD2B00E46331 /* ViewModels */ = {
			isa = PBXGroup;
			children = (
				B6869D1827EAFD2900E46331 /* WallpaperViewModel.swift */,
				B62B5E0527F0720E00570BB0 /* SearchingViewModel.swift */,
				B62B5E0927F074DC00570BB0 /* DetailViewModel.swift */,
			);
			path = ViewModels;
			sourceTree = "<group>";
		};
		B6C8863027F056D900875C01 /* Helper Views */ = {
			isa = PBXGroup;
			children = (
				B6C8861327F0042400875C01 /* WallpaperListView.swift */,
				B6C8862E27F0523A00875C01 /* CircleButtonView.swift */,
				B6C8862027F027F400875C01 /* PopUpView.swift */,
				B6BADDD427F122220040C1DF /* SearchMoreView.swift */,
				B68D513F27F3D43900CB318B /* SaveButtonOptions.swift */,
				B67138EA27F4027B00B2BBA3 /* Info */,
			);
			path = "Helper Views";
			sourceTree = "<group>";
		};
/* End PBXGroup section */

/* Begin PBXNativeTarget section */
		B6869CE527EAC6AD00E46331 /* Wallpapers */ = {
			isa = PBXNativeTarget;
			buildConfigurationList = B6869CF427EAC6AE00E46331 /* Build configuration list for PBXNativeTarget "Wallpapers" */;
			buildPhases = (
				B6869CE227EAC6AD00E46331 /* Sources */,
				B6869CE327EAC6AD00E46331 /* Frameworks */,
				B6869CE427EAC6AD00E46331 /* Resources */,
			);
			buildRules = (
			);
			dependencies = (
			);
			name = Wallpapers;
			packageProductDependencies = (
				B6C8862327F0369400875C01 /* CachedAsyncImage */,
			);
			productName = Wallpapers;
			productReference = B67138E527F3E5DA00B2BBA3 /* Wallpapers.app */;
			productType = "com.apple.product-type.application";
		};
/* End PBXNativeTarget section */

/* Begin PBXProject section */
		B6869CDE27EAC6AD00E46331 /* Project object */ = {
			isa = PBXProject;
			attributes = {
				BuildIndependentTargetsInParallel = 1;
				LastSwiftUpdateCheck = 1330;
				LastUpgradeCheck = 1330;
				TargetAttributes = {
					B6869CE527EAC6AD00E46331 = {
						CreatedOnToolsVersion = 13.3;
					};
				};
			};
			buildConfigurationList = B6869CE127EAC6AD00E46331 /* Build configuration list for PBXProject "Wallpapers" */;
			compatibilityVersion = "Xcode 13.0";
			developmentRegion = en;
			hasScannedForEncodings = 0;
			knownRegions = (
				en,
				Base,
			);
			mainGroup = B6869CDD27EAC6AD00E46331;
			packageReferences = (
				B6C8862227F0369400875C01 /* XCRemoteSwiftPackageReference "swiftui-cached-async-image" */,
			);
			productRefGroup = B6869CDD27EAC6AD00E46331;
			projectDirPath = "";
			projectRoot = "";
			targets = (
				B6869CE527EAC6AD00E46331 /* Wallpapers */,
			);
		};
/* End PBXProject section */

/* Begin PBXResourcesBuildPhase section */
		B6869CE427EAC6AD00E46331 /* Resources */ = {
			isa = PBXResourcesBuildPhase;
			buildActionMask = 2147483647;
			files = (
				B6869CEE27EAC6AE00E46331 /* Assets.xcassets in Resources */,
				B6C8863827F064AE00875C01 /* Example.json in Resources */,
			);
			runOnlyForDeploymentPostprocessing = 0;
		};
/* End PBXResourcesBuildPhase section */

/* Begin PBXSourcesBuildPhase section */
		B6869CE227EAC6AD00E46331 /* Sources */ = {
			isa = PBXSourcesBuildPhase;
			buildActionMask = 2147483647;
			files = (
				B67138EC27F44FB600B2BBA3 /* ExtraInfoView.swift in Sources */,
				B6C8862127F027F400875C01 /* PopUpView.swift in Sources */,
				B6C8863427F0648200875C01 /* Bundle+Extension.swift in Sources */,
				B6EA20D027EBEBF60052C263 /* ZoomView.swift in Sources */,
				B6BADDD527F122220040C1DF /* SearchMoreView.swift in Sources */,
				B6869D1227EAF28F00E46331 /* URLs.swift in Sources */,
				B6C8862F27F0523A00875C01 /* CircleButtonView.swift in Sources */,
				B6C8861B27F00F4C00875C01 /* DetailView.swift in Sources */,
				B67138E727F3F03700B2BBA3 /* LinkBackground.swift in Sources */,
				B6869D1927EAFD2900E46331 /* WallpaperViewModel.swift in Sources */,
				B688933E27F069870064B020 /* SearchResultsView.swift in Sources */,
				B67138E927F400B300B2BBA3 /* InfoSegmentBackground.swift in Sources */,
				B654859D27F6A0A3006EFB5D /* Social.swift in Sources */,
				B6869D1627EAFBE000E46331 /* ProfileImage.swift in Sources */,
				B6869CEC27EAC6AD00E46331 /* HomeView.swift in Sources */,
				B6869CEA27EAC6AD00E46331 /* WallpapersApp.swift in Sources */,
				B6869D0227EAC96200E46331 /* HTTPClient.swift in Sources */,
				B688934027F06CF20064B020 /* SearchResults.swift in Sources */,
				B60292CF27EFE83400C9ABB6 /* Extensions.swift in Sources */,
				B603E81027F2C8EB0013A3C1 /* NoConnectionView.swift in Sources */,
				B6869D1427EAF3FB00E46331 /* User.swift in Sources */,
				B6C8863227F056E900875C01 /* SearchBarView.swift in Sources */,
				B68D514227F3E23900CB318B /* InfoView.swift in Sources */,
				B62B5E0A27F074DC00570BB0 /* DetailViewModel.swift in Sources */,
				B6C8861427F0042400875C01 /* WallpaperListView.swift in Sources */,
				B603E81327F2C9640013A3C1 /* ConnectedView.swift in Sources */,
				B6869D0927EACD0D00E46331 /* Wallpaper.swift in Sources */,
				B6869D0427EAC96800E46331 /* Constants.swift in Sources */,
				B62B5E0627F0720E00570BB0 /* SearchingViewModel.swift in Sources */,
				B68D514027F3D43900CB318B /* SaveButtonOptions.swift in Sources */,
			);
			runOnlyForDeploymentPostprocessing = 0;
		};
/* End PBXSourcesBuildPhase section */

/* Begin XCBuildConfiguration section */
		B6869CF227EAC6AE00E46331 /* Debug */ = {
			isa = XCBuildConfiguration;
			baseConfigurationReference = B6869D0D27EAEDC600E46331 /* Secrets.xcconfig */;
			buildSettings = {
				ALWAYS_SEARCH_USER_PATHS = NO;
				CLANG_ANALYZER_NONNULL = YES;
				CLANG_ANALYZER_NUMBER_OBJECT_CONVERSION = YES_AGGRESSIVE;
				CLANG_CXX_LANGUAGE_STANDARD = "gnu++17";
				CLANG_ENABLE_MODULES = YES;
				CLANG_ENABLE_OBJC_ARC = YES;
				CLANG_ENABLE_OBJC_WEAK = YES;
				CLANG_WARN_BLOCK_CAPTURE_AUTORELEASING = YES;
				CLANG_WARN_BOOL_CONVERSION = YES;
				CLANG_WARN_COMMA = YES;
				CLANG_WARN_CONSTANT_CONVERSION = YES;
				CLANG_WARN_DEPRECATED_OBJC_IMPLEMENTATIONS = YES;
				CLANG_WARN_DIRECT_OBJC_ISA_USAGE = YES_ERROR;
				CLANG_WARN_DOCUMENTATION_COMMENTS = YES;
				CLANG_WARN_EMPTY_BODY = YES;
				CLANG_WARN_ENUM_CONVERSION = YES;
				CLANG_WARN_INFINITE_RECURSION = YES;
				CLANG_WARN_INT_CONVERSION = YES;
				CLANG_WARN_NON_LITERAL_NULL_CONVERSION = YES;
				CLANG_WARN_OBJC_IMPLICIT_RETAIN_SELF = YES;
				CLANG_WARN_OBJC_LITERAL_CONVERSION = YES;
				CLANG_WARN_OBJC_ROOT_CLASS = YES_ERROR;
				CLANG_WARN_QUOTED_INCLUDE_IN_FRAMEWORK_HEADER = YES;
				CLANG_WARN_RANGE_LOOP_ANALYSIS = YES;
				CLANG_WARN_STRICT_PROTOTYPES = YES;
				CLANG_WARN_SUSPICIOUS_MOVE = YES;
				CLANG_WARN_UNGUARDED_AVAILABILITY = YES_AGGRESSIVE;
				CLANG_WARN_UNREACHABLE_CODE = YES;
				CLANG_WARN__DUPLICATE_METHOD_MATCH = YES;
				COPY_PHASE_STRIP = NO;
				DEBUG_INFORMATION_FORMAT = dwarf;
				ENABLE_STRICT_OBJC_MSGSEND = YES;
				ENABLE_TESTABILITY = YES;
				GCC_C_LANGUAGE_STANDARD = gnu11;
				GCC_DYNAMIC_NO_PIC = NO;
				GCC_NO_COMMON_BLOCKS = YES;
				GCC_OPTIMIZATION_LEVEL = 0;
				GCC_PREPROCESSOR_DEFINITIONS = (
					"DEBUG=1",
					"$(inherited)",
				);
				GCC_WARN_64_TO_32_BIT_CONVERSION = YES;
				GCC_WARN_ABOUT_RETURN_TYPE = YES_ERROR;
				GCC_WARN_UNDECLARED_SELECTOR = YES;
				GCC_WARN_UNINITIALIZED_AUTOS = YES_AGGRESSIVE;
				GCC_WARN_UNUSED_FUNCTION = YES;
				GCC_WARN_UNUSED_VARIABLE = YES;
				IPHONEOS_DEPLOYMENT_TARGET = 15.0;
				MTL_ENABLE_DEBUG_INFO = INCLUDE_SOURCE;
				MTL_FAST_MATH = YES;
				ONLY_ACTIVE_ARCH = YES;
				SDKROOT = iphoneos;
				SWIFT_ACTIVE_COMPILATION_CONDITIONS = DEBUG;
				SWIFT_OPTIMIZATION_LEVEL = "-Onone";
			};
			name = Debug;
		};
		B6869CF327EAC6AE00E46331 /* Release */ = {
			isa = XCBuildConfiguration;
			baseConfigurationReference = B6869D0D27EAEDC600E46331 /* Secrets.xcconfig */;
			buildSettings = {
				ALWAYS_SEARCH_USER_PATHS = NO;
				CLANG_ANALYZER_NONNULL = YES;
				CLANG_ANALYZER_NUMBER_OBJECT_CONVERSION = YES_AGGRESSIVE;
				CLANG_CXX_LANGUAGE_STANDARD = "gnu++17";
				CLANG_ENABLE_MODULES = YES;
				CLANG_ENABLE_OBJC_ARC = YES;
				CLANG_ENABLE_OBJC_WEAK = YES;
				CLANG_WARN_BLOCK_CAPTURE_AUTORELEASING = YES;
				CLANG_WARN_BOOL_CONVERSION = YES;
				CLANG_WARN_COMMA = YES;
				CLANG_WARN_CONSTANT_CONVERSION = YES;
				CLANG_WARN_DEPRECATED_OBJC_IMPLEMENTATIONS = YES;
				CLANG_WARN_DIRECT_OBJC_ISA_USAGE = YES_ERROR;
				CLANG_WARN_DOCUMENTATION_COMMENTS = YES;
				CLANG_WARN_EMPTY_BODY = YES;
				CLANG_WARN_ENUM_CONVERSION = YES;
				CLANG_WARN_INFINITE_RECURSION = YES;
				CLANG_WARN_INT_CONVERSION = YES;
				CLANG_WARN_NON_LITERAL_NULL_CONVERSION = YES;
				CLANG_WARN_OBJC_IMPLICIT_RETAIN_SELF = YES;
				CLANG_WARN_OBJC_LITERAL_CONVERSION = YES;
				CLANG_WARN_OBJC_ROOT_CLASS = YES_ERROR;
				CLANG_WARN_QUOTED_INCLUDE_IN_FRAMEWORK_HEADER = YES;
				CLANG_WARN_RANGE_LOOP_ANALYSIS = YES;
				CLANG_WARN_STRICT_PROTOTYPES = YES;
				CLANG_WARN_SUSPICIOUS_MOVE = YES;
				CLANG_WARN_UNGUARDED_AVAILABILITY = YES_AGGRESSIVE;
				CLANG_WARN_UNREACHABLE_CODE = YES;
				CLANG_WARN__DUPLICATE_METHOD_MATCH = YES;
				COPY_PHASE_STRIP = NO;
				DEBUG_INFORMATION_FORMAT = "dwarf-with-dsym";
				ENABLE_NS_ASSERTIONS = NO;
				ENABLE_STRICT_OBJC_MSGSEND = YES;
				GCC_C_LANGUAGE_STANDARD = gnu11;
				GCC_NO_COMMON_BLOCKS = YES;
				GCC_WARN_64_TO_32_BIT_CONVERSION = YES;
				GCC_WARN_ABOUT_RETURN_TYPE = YES_ERROR;
				GCC_WARN_UNDECLARED_SELECTOR = YES;
				GCC_WARN_UNINITIALIZED_AUTOS = YES_AGGRESSIVE;
				GCC_WARN_UNUSED_FUNCTION = YES;
				GCC_WARN_UNUSED_VARIABLE = YES;
				IPHONEOS_DEPLOYMENT_TARGET = 15.0;
				MTL_ENABLE_DEBUG_INFO = NO;
				MTL_FAST_MATH = YES;
				SDKROOT = iphoneos;
				SWIFT_COMPILATION_MODE = wholemodule;
				SWIFT_OPTIMIZATION_LEVEL = "-O";
				VALIDATE_PRODUCT = YES;
			};
			name = Release;
		};
		B6869CF527EAC6AE00E46331 /* Debug */ = {
			isa = XCBuildConfiguration;
			baseConfigurationReference = B6869D0D27EAEDC600E46331 /* Secrets.xcconfig */;
			buildSettings = {
				ASSETCATALOG_COMPILER_APPICON_NAME = AppIcon;
				ASSETCATALOG_COMPILER_GLOBAL_ACCENT_COLOR_NAME = AccentColor;
				CODE_SIGN_STYLE = Automatic;
				CURRENT_PROJECT_VERSION = 1;
				DEVELOPMENT_TEAM = 8FW6S5Z4LA;
				ENABLE_PREVIEWS = YES;
				GENERATE_INFOPLIST_FILE = YES;
				INFOPLIST_FILE = Wallpapers/Info.plist;
				INFOPLIST_KEY_NSPhotoLibraryAddUsageDescription = "Save wallpaper to photo library";
				INFOPLIST_KEY_UIApplicationSceneManifest_Generation = YES;
				INFOPLIST_KEY_UIApplicationSupportsIndirectInputEvents = YES;
				INFOPLIST_KEY_UILaunchScreen_Generation = YES;
				INFOPLIST_KEY_UISupportedInterfaceOrientations = UIInterfaceOrientationPortrait;
				INFOPLIST_KEY_UISupportedInterfaceOrientations_iPad = "UIInterfaceOrientationPortrait UIInterfaceOrientationPortraitUpsideDown UIInterfaceOrientationLandscapeLeft UIInterfaceOrientationLandscapeRight";
				INFOPLIST_KEY_UISupportedInterfaceOrientations_iPhone = "UIInterfaceOrientationPortrait UIInterfaceOrientationLandscapeLeft UIInterfaceOrientationLandscapeRight";
				IPHONEOS_DEPLOYMENT_TARGET = 15.0;
				LD_RUNPATH_SEARCH_PATHS = (
					"$(inherited)",
					"@executable_path/Frameworks",
				);
				MARKETING_VERSION = 1.0;
				PRODUCT_BUNDLE_IDENTIFIER = org.alessian.Wallpapers;
				PRODUCT_NAME = "$(TARGET_NAME)";
				SWIFT_EMIT_LOC_STRINGS = YES;
				SWIFT_VERSION = 5.0;
				TARGETED_DEVICE_FAMILY = "1,2";
			};
			name = Debug;
		};
		B6869CF627EAC6AE00E46331 /* Release */ = {
			isa = XCBuildConfiguration;
			baseConfigurationReference = B6869D0D27EAEDC600E46331 /* Secrets.xcconfig */;
			buildSettings = {
				ASSETCATALOG_COMPILER_APPICON_NAME = AppIcon;
				ASSETCATALOG_COMPILER_GLOBAL_ACCENT_COLOR_NAME = AccentColor;
				CODE_SIGN_STYLE = Automatic;
				CURRENT_PROJECT_VERSION = 1;
				DEVELOPMENT_TEAM = 8FW6S5Z4LA;
				ENABLE_PREVIEWS = YES;
				GENERATE_INFOPLIST_FILE = YES;
				INFOPLIST_FILE = Wallpapers/Info.plist;
				INFOPLIST_KEY_NSPhotoLibraryAddUsageDescription = "Save wallpaper to photo library";
				INFOPLIST_KEY_UIApplicationSceneManifest_Generation = YES;
				INFOPLIST_KEY_UIApplicationSupportsIndirectInputEvents = YES;
				INFOPLIST_KEY_UILaunchScreen_Generation = YES;
				INFOPLIST_KEY_UISupportedInterfaceOrientations = UIInterfaceOrientationPortrait;
				INFOPLIST_KEY_UISupportedInterfaceOrientations_iPad = "UIInterfaceOrientationPortrait UIInterfaceOrientationPortraitUpsideDown UIInterfaceOrientationLandscapeLeft UIInterfaceOrientationLandscapeRight";
				INFOPLIST_KEY_UISupportedInterfaceOrientations_iPhone = "UIInterfaceOrientationPortrait UIInterfaceOrientationLandscapeLeft UIInterfaceOrientationLandscapeRight";
				IPHONEOS_DEPLOYMENT_TARGET = 15.0;
				LD_RUNPATH_SEARCH_PATHS = (
					"$(inherited)",
					"@executable_path/Frameworks",
				);
				MARKETING_VERSION = 1.0;
				PRODUCT_BUNDLE_IDENTIFIER = org.alessian.Wallpapers;
				PRODUCT_NAME = "$(TARGET_NAME)";
				SWIFT_EMIT_LOC_STRINGS = YES;
				SWIFT_VERSION = 5.0;
				TARGETED_DEVICE_FAMILY = "1,2";
			};
			name = Release;
		};
/* End XCBuildConfiguration section */

/* Begin XCConfigurationList section */
		B6869CE127EAC6AD00E46331 /* Build configuration list for PBXProject "Wallpapers" */ = {
			isa = XCConfigurationList;
			buildConfigurations = (
				B6869CF227EAC6AE00E46331 /* Debug */,
				B6869CF327EAC6AE00E46331 /* Release */,
			);
			defaultConfigurationIsVisible = 0;
			defaultConfigurationName = Release;
		};
		B6869CF427EAC6AE00E46331 /* Build configuration list for PBXNativeTarget "Wallpapers" */ = {
			isa = XCConfigurationList;
			buildConfigurations = (
				B6869CF527EAC6AE00E46331 /* Debug */,
				B6869CF627EAC6AE00E46331 /* Release */,
			);
			defaultConfigurationIsVisible = 0;
			defaultConfigurationName = Release;
		};
/* End XCConfigurationList section */

/* Begin XCRemoteSwiftPackageReference section */
		B6C8862227F0369400875C01 /* XCRemoteSwiftPackageReference "swiftui-cached-async-image" */ = {
			isa = XCRemoteSwiftPackageReference;
			repositoryURL = "https://github.com/lorenzofiamingo/swiftui-cached-async-image.git";
			requirement = {
				kind = upToNextMajorVersion;
				minimumVersion = 2.0.0;
			};
		};
/* End XCRemoteSwiftPackageReference section */

/* Begin XCSwiftPackageProductDependency section */
		B6C8862327F0369400875C01 /* CachedAsyncImage */ = {
			isa = XCSwiftPackageProductDependency;
			package = B6C8862227F0369400875C01 /* XCRemoteSwiftPackageReference "swiftui-cached-async-image" */;
			productName = CachedAsyncImage;
		};
/* End XCSwiftPackageProductDependency section */
	};
	rootObject = B6869CDE27EAC6AD00E46331 /* Project object */;
}
